
Microsoft Visual Studio Solution File, Format Version 12.00
# Visual Studio Version 17
VisualStudioVersion = 17.8.34511.84
MinimumVisualStudioVersion = 10.0.40219.1
Project("{FAE04EC0-301F-11D3-BF4B-00C04F79EFBC}") = "0122", "0122\0122.csproj", "{681E6F37-2C14-4047-AEA2-A4E5A7278336}"
EndProject
Global
	GlobalSection(SolutionConfigurationPlatforms) = preSolution
		Debug|Any CPU = Debug|Any CPU
		Release|Any CPU = Release|Any CPU
	EndGlobalSection
	GlobalSection(ProjectConfigurationPlatforms) = postSolution
		{681E6F37-2C14-4047-AEA2-A4E5A7278336}.Debug|Any CPU.ActiveCfg = Debug|Any CPU
		{681E6F37-2C14-4047-AEA2-A4E5A7278336}.Debug|Any CPU.Build.0 = Debug|Any CPU
		{681E6F37-2C14-4047-AEA2-A4E5A7278336}.Release|Any CPU.ActiveCfg = Release|Any CPU
		{681E6F37-2C14-4047-AEA2-A4E5A7278336}.Release|Any CPU.Build.0 = Release|Any CPU
	EndGlobalSection
	GlobalSection(SolutionProperties) = preSolution
		HideSolutionNode = FALSE
	EndGlobalSection
	GlobalSection(ExtensibilityGlobals) = postSolution
		SolutionGuid = {B70EF095-83B4-42DB-9EB8-9767CBEFAB10}
	EndGlobalSection
EndGlobal
